// !$*UTF8*$!
{
	archiveVersion = 1;
	classes = {
	};
	objectVersion = 55;
	objects = {

/* Begin PBXBuildFile section */
		51F9AE31286348B900B5A2CD /* Star_Printer_TestApp.swift in Sources */ = {isa = PBXBuildFile; fileRef = 51F9AE30286348B900B5A2CD /* Star_Printer_TestApp.swift */; };
		51F9AE33286348B900B5A2CD /* ContentView.swift in Sources */ = {isa = PBXBuildFile; fileRef = 51F9AE32286348B900B5A2CD /* ContentView.swift */; };
		51F9AE35286348BB00B5A2CD /* Assets.xcassets in Resources */ = {isa = PBXBuildFile; fileRef = 51F9AE34286348BB00B5A2CD /* Assets.xcassets */; };
		51F9AE38286348BB00B5A2CD /* Preview Assets.xcassets in Resources */ = {isa = PBXBuildFile; fileRef = 51F9AE37286348BB00B5A2CD /* Preview Assets.xcassets */; };
		51F9AE522863540900B5A2CD /* StarPrinterCommunication.swift in Sources */ = {isa = PBXBuildFile; fileRef = 51F9AE502863540900B5A2CD /* StarPrinterCommunication.swift */; };
		51F9AE532863540900B5A2CD /* StarPrinterController.swift in Sources */ = {isa = PBXBuildFile; fileRef = 51F9AE512863540900B5A2CD /* StarPrinterController.swift */; };
		51F9AE5B28635FB300B5A2CD /* StarIO_Extension.xcframework in Frameworks */ = {isa = PBXBuildFile; fileRef = 51F9AE472863503500B5A2CD /* StarIO_Extension.xcframework */; };
		51F9AE5C28635FB300B5A2CD /* StarIO.xcframework in Frameworks */ = {isa = PBXBuildFile; fileRef = 51F9AE482863503600B5A2CD /* StarIO.xcframework */; };
		51F9AE5D28635FB300B5A2CD /* StarIODeviceSetting.xcframework in Frameworks */ = {isa = PBXBuildFile; fileRef = 51F9AE492863503600B5A2CD /* StarIODeviceSetting.xcframework */; };
		51F9AE5F2863605600B5A2CD /* ExternalAccessory.framework in Frameworks */ = {isa = PBXBuildFile; fileRef = 51F9AE5E2863605600B5A2CD /* ExternalAccessory.framework */; };
		51F9AE612863606500B5A2CD /* CoreBluetooth.framework in Frameworks */ = {isa = PBXBuildFile; fileRef = 51F9AE602863606500B5A2CD /* CoreBluetooth.framework */; };
/* End PBXBuildFile section */

/* Begin PBXFileReference section */
		51F9AE2D286348B900B5A2CD /* Star Printer Test.app */ = {isa = PBXFileReference; explicitFileType = wrapper.application; includeInIndex = 0; path = "Star Printer Test.app"; sourceTree = BUILT_PRODUCTS_DIR; };
		51F9AE30286348B900B5A2CD /* Star_Printer_TestApp.swift */ = {isa = PBXFileReference; lastKnownFileType = sourcecode.swift; path = Star_Printer_TestApp.swift; sourceTree = "<group>"; };
		51F9AE32286348B900B5A2CD /* ContentView.swift */ = {isa = PBXFileReference; lastKnownFileType = sourcecode.swift; path = ContentView.swift; sourceTree = "<group>"; };
		51F9AE34286348BB00B5A2CD /* Assets.xcassets */ = {isa = PBXFileReference; lastKnownFileType = folder.assetcatalog; path = Assets.xcassets; sourceTree = "<group>"; };
		51F9AE37286348BB00B5A2CD /* Preview Assets.xcassets */ = {isa = PBXFileReference; lastKnownFileType = folder.assetcatalog; path = "Preview Assets.xcassets"; sourceTree = "<group>"; };
		51F9AE472863503500B5A2CD /* StarIO_Extension.xcframework */ = {isa = PBXFileReference; lastKnownFileType = wrapper.xcframework; path = StarIO_Extension.xcframework; sourceTree = "<group>"; };
		51F9AE482863503600B5A2CD /* StarIO.xcframework */ = {isa = PBXFileReference; lastKnownFileType = wrapper.xcframework; path = StarIO.xcframework; sourceTree = "<group>"; };
		51F9AE492863503600B5A2CD /* StarIODeviceSetting.xcframework */ = {isa = PBXFileReference; lastKnownFileType = wrapper.xcframework; path = StarIODeviceSetting.xcframework; sourceTree = "<group>"; };
		51F9AE4E2863517800B5A2CD /* Star-Printer-Test-Info.plist */ = {isa = PBXFileReference; lastKnownFileType = text.plist.xml; name = "Star-Printer-Test-Info.plist"; path = "Star Printer Test/Resources/Star-Printer-Test-Info.plist"; sourceTree = SOURCE_ROOT; };
		51F9AE4F2863526E00B5A2CD /* Star-Printer-Test-Bridging-Header.h */ = {isa = PBXFileReference; lastKnownFileType = sourcecode.c.h; path = "Star-Printer-Test-Bridging-Header.h"; sourceTree = "<group>"; };
		51F9AE502863540900B5A2CD /* StarPrinterCommunication.swift */ = {isa = PBXFileReference; fileEncoding = 4; lastKnownFileType = sourcecode.swift; path = StarPrinterCommunication.swift; sourceTree = "<group>"; };
		51F9AE512863540900B5A2CD /* StarPrinterController.swift */ = {isa = PBXFileReference; fileEncoding = 4; lastKnownFileType = sourcecode.swift; path = StarPrinterController.swift; sourceTree = "<group>"; };
		51F9AE5E2863605600B5A2CD /* ExternalAccessory.framework */ = {isa = PBXFileReference; lastKnownFileType = wrapper.framework; name = ExternalAccessory.framework; path = System/Library/Frameworks/ExternalAccessory.framework; sourceTree = SDKROOT; };
		51F9AE602863606500B5A2CD /* CoreBluetooth.framework */ = {isa = PBXFileReference; lastKnownFileType = wrapper.framework; name = CoreBluetooth.framework; path = System/Library/Frameworks/CoreBluetooth.framework; sourceTree = SDKROOT; };
/* End PBXFileReference section */

/* Begin PBXFrameworksBuildPhase section */
		51F9AE2A286348B900B5A2CD /* Frameworks */ = {
			isa = PBXFrameworksBuildPhase;
			buildActionMask = 2147483647;
			files = (
				51F9AE5D28635FB300B5A2CD /* StarIODeviceSetting.xcframework in Frameworks */,
				51F9AE5C28635FB300B5A2CD /* StarIO.xcframework in Frameworks */,
				51F9AE5F2863605600B5A2CD /* ExternalAccessory.framework in Frameworks */,
				51F9AE612863606500B5A2CD /* CoreBluetooth.framework in Frameworks */,
				51F9AE5B28635FB300B5A2CD /* StarIO_Extension.xcframework in Frameworks */,
			);
			runOnlyForDeploymentPostprocessing = 0;
		};
/* End PBXFrameworksBuildPhase section */

/* Begin PBXGroup section */
		51F9AE24286348B900B5A2CD = {
			isa = PBXGroup;
			children = (
				51F9AE2F286348B900B5A2CD /* Star Printer Test */,
				51F9AE2E286348B900B5A2CD /* Products */,
				51F9AE5A28635FB300B5A2CD /* Frameworks */,
			);
			sourceTree = "<group>";
		};
		51F9AE2E286348B900B5A2CD /* Products */ = {
			isa = PBXGroup;
			children = (
				51F9AE2D286348B900B5A2CD /* Star Printer Test.app */,
			);
			name = Products;
			sourceTree = "<group>";
		};
		51F9AE2F286348B900B5A2CD /* Star Printer Test */ = {
			isa = PBXGroup;
			children = (
				51F9AE57286357D100B5A2CD /* App */,
				51F9AE4D2863508400B5A2CD /* Resources */,
				51F9AE462863502700B5A2CD /* Frameworks */,
			);
			path = "Star Printer Test";
			sourceTree = "<group>";
		};
		51F9AE36286348BB00B5A2CD /* Preview Content */ = {
			isa = PBXGroup;
			children = (
				51F9AE37286348BB00B5A2CD /* Preview Assets.xcassets */,
			);
			path = "Preview Content";
			sourceTree = "<group>";
		};
		51F9AE462863502700B5A2CD /* Frameworks */ = {
			isa = PBXGroup;
			children = (
				51F9AE472863503500B5A2CD /* StarIO_Extension.xcframework */,
				51F9AE482863503600B5A2CD /* StarIO.xcframework */,
				51F9AE492863503600B5A2CD /* StarIODeviceSetting.xcframework */,
			);
			path = Frameworks;
			sourceTree = "<group>";
		};
		51F9AE4D2863508400B5A2CD /* Resources */ = {
			isa = PBXGroup;
			children = (
				51F9AE36286348BB00B5A2CD /* Preview Content */,
				51F9AE4E2863517800B5A2CD /* Star-Printer-Test-Info.plist */,
				51F9AE34286348BB00B5A2CD /* Assets.xcassets */,
			);
			path = Resources;
			sourceTree = "<group>";
		};
		51F9AE57286357D100B5A2CD /* App */ = {
			isa = PBXGroup;
			children = (
				51F9AE30286348B900B5A2CD /* Star_Printer_TestApp.swift */,
				51F9AE4F2863526E00B5A2CD /* Star-Printer-Test-Bridging-Header.h */,
				51F9AE59286357F200B5A2CD /* UI */,
				51F9AE58286357E200B5A2CD /* Printer */,
			);
			path = App;
			sourceTree = "<group>";
		};
		51F9AE58286357E200B5A2CD /* Printer */ = {
			isa = PBXGroup;
			children = (
				51F9AE512863540900B5A2CD /* StarPrinterController.swift */,
				51F9AE502863540900B5A2CD /* StarPrinterCommunication.swift */,
			);
			path = Printer;
			sourceTree = "<group>";
		};
		51F9AE59286357F200B5A2CD /* UI */ = {
			isa = PBXGroup;
			children = (
				51F9AE32286348B900B5A2CD /* ContentView.swift */,
			);
			path = UI;
			sourceTree = "<group>";
		};
		51F9AE5A28635FB300B5A2CD /* Frameworks */ = {
			isa = PBXGroup;
			children = (
				51F9AE602863606500B5A2CD /* CoreBluetooth.framework */,
				51F9AE5E2863605600B5A2CD /* ExternalAccessory.framework */,
			);
			name = Frameworks;
			sourceTree = "<group>";
		};
/* End PBXGroup section */

/* Begin PBXNativeTarget section */
		51F9AE2C286348B900B5A2CD /* Star Printer Test */ = {
			isa = PBXNativeTarget;
			buildConfigurationList = 51F9AE3B286348BB00B5A2CD /* Build configuration list for PBXNativeTarget "Star Printer Test" */;
			buildPhases = (
				51F9AE29286348B900B5A2CD /* Sources */,
				51F9AE2A286348B900B5A2CD /* Frameworks */,
				51F9AE2B286348B900B5A2CD /* Resources */,
			);
			buildRules = (
			);
			dependencies = (
			);
			name = "Star Printer Test";
			packageProductDependencies = (
			);
			productName = "Star Printer  Test";
			productReference = 51F9AE2D286348B900B5A2CD /* Star Printer Test.app */;
			productType = "com.apple.product-type.application";
		};
/* End PBXNativeTarget section */

/* Begin PBXProject section */
		51F9AE25286348B900B5A2CD /* Project object */ = {
			isa = PBXProject;
			attributes = {
				BuildIndependentTargetsInParallel = 1;
				LastSwiftUpdateCheck = 1340;
				LastUpgradeCheck = 1340;
				TargetAttributes = {
					51F9AE2C286348B900B5A2CD = {
						CreatedOnToolsVersion = 13.4.1;
					};
				};
			};
			buildConfigurationList = 51F9AE28286348B900B5A2CD /* Build configuration list for PBXProject "Star Printer Test" */;
			compatibilityVersion = "Xcode 13.0";
			developmentRegion = en;
			hasScannedForEncodings = 0;
			knownRegions = (
				en,
				Base,
			);
			mainGroup = 51F9AE24286348B900B5A2CD;
			packageReferences = (
			);
			productRefGroup = 51F9AE2E286348B900B5A2CD /* Products */;
			projectDirPath = "";
			projectRoot = "";
			targets = (
				51F9AE2C286348B900B5A2CD /* Star Printer Test */,
			);
		};
/* End PBXProject section */

/* Begin PBXResourcesBuildPhase section */
		51F9AE2B286348B900B5A2CD /* Resources */ = {
			isa = PBXResourcesBuildPhase;
			buildActionMask = 2147483647;
			files = (
				51F9AE38286348BB00B5A2CD /* Preview Assets.xcassets in Resources */,
				51F9AE35286348BB00B5A2CD /* Assets.xcassets in Resources */,
			);
			runOnlyForDeploymentPostprocessing = 0;
		};
/* End PBXResourcesBuildPhase section */

/* Begin PBXSourcesBuildPhase section */
		51F9AE29286348B900B5A2CD /* Sources */ = {
			isa = PBXSourcesBuildPhase;
			buildActionMask = 2147483647;
			files = (
				51F9AE532863540900B5A2CD /* StarPrinterController.swift in Sources */,
				51F9AE522863540900B5A2CD /* StarPrinterCommunication.swift in Sources */,
				51F9AE33286348B900B5A2CD /* ContentView.swift in Sources */,
				51F9AE31286348B900B5A2CD /* Star_Printer_TestApp.swift in Sources */,
			);
			runOnlyForDeploymentPostprocessing = 0;
		};
/* End PBXSourcesBuildPhase section */

/* Begin XCBuildConfiguration section */
		51F9AE39286348BB00B5A2CD /* Debug */ = {
			isa = XCBuildConfiguration;
			buildSettings = {
				ALWAYS_SEARCH_USER_PATHS = NO;
				CLANG_ANALYZER_NONNULL = YES;
				CLANG_ANALYZER_NUMBER_OBJECT_CONVERSION = YES_AGGRESSIVE;
				CLANG_CXX_LANGUAGE_STANDARD = "gnu++17";
				CLANG_ENABLE_MODULES = YES;
				CLANG_ENABLE_OBJC_ARC = YES;
				CLANG_ENABLE_OBJC_WEAK = YES;
				CLANG_WARN_BLOCK_CAPTURE_AUTORELEASING = YES;
				CLANG_WARN_BOOL_CONVERSION = YES;
				CLANG_WARN_COMMA = YES;
				CLANG_WARN_CONSTANT_CONVERSION = YES;
				CLANG_WARN_DEPRECATED_OBJC_IMPLEMENTATIONS = YES;
				CLANG_WARN_DIRECT_OBJC_ISA_USAGE = YES_ERROR;
				CLANG_WARN_DOCUMENTATION_COMMENTS = YES;
				CLANG_WARN_EMPTY_BODY = YES;
				CLANG_WARN_ENUM_CONVERSION = YES;
				CLANG_WARN_INFINITE_RECURSION = YES;
				CLANG_WARN_INT_CONVERSION = YES;
				CLANG_WARN_NON_LITERAL_NULL_CONVERSION = YES;
				CLANG_WARN_OBJC_IMPLICIT_RETAIN_SELF = YES;
				CLANG_WARN_OBJC_LITERAL_CONVERSION = YES;
				CLANG_WARN_OBJC_ROOT_CLASS = YES_ERROR;
				CLANG_WARN_QUOTED_INCLUDE_IN_FRAMEWORK_HEADER = YES;
				CLANG_WARN_RANGE_LOOP_ANALYSIS = YES;
				CLANG_WARN_STRICT_PROTOTYPES = YES;
				CLANG_WARN_SUSPICIOUS_MOVE = YES;
				CLANG_WARN_UNGUARDED_AVAILABILITY = YES_AGGRESSIVE;
				CLANG_WARN_UNREACHABLE_CODE = YES;
				CLANG_WARN__DUPLICATE_METHOD_MATCH = YES;
				COPY_PHASE_STRIP = NO;
				DEBUG_INFORMATION_FORMAT = dwarf;
				ENABLE_STRICT_OBJC_MSGSEND = YES;
				ENABLE_TESTABILITY = YES;
				GCC_C_LANGUAGE_STANDARD = gnu11;
				GCC_DYNAMIC_NO_PIC = NO;
				GCC_NO_COMMON_BLOCKS = YES;
				GCC_OPTIMIZATION_LEVEL = 0;
				GCC_PREPROCESSOR_DEFINITIONS = (
					"DEBUG=1",
					"$(inherited)",
				);
				GCC_WARN_64_TO_32_BIT_CONVERSION = YES;
				GCC_WARN_ABOUT_RETURN_TYPE = YES_ERROR;
				GCC_WARN_UNDECLARED_SELECTOR = YES;
				GCC_WARN_UNINITIALIZED_AUTOS = YES_AGGRESSIVE;
				GCC_WARN_UNUSED_FUNCTION = YES;
				GCC_WARN_UNUSED_VARIABLE = YES;
				IPHONEOS_DEPLOYMENT_TARGET = 15.5;
				MTL_ENABLE_DEBUG_INFO = INCLUDE_SOURCE;
				MTL_FAST_MATH = YES;
				ONLY_ACTIVE_ARCH = YES;
				SDKROOT = iphoneos;
				SWIFT_ACTIVE_COMPILATION_CONDITIONS = DEBUG;
				SWIFT_OPTIMIZATION_LEVEL = "-Onone";
			};
			name = Debug;
		};
		51F9AE3A286348BB00B5A2CD /* Release */ = {
			isa = XCBuildConfiguration;
			buildSettings = {
				ALWAYS_SEARCH_USER_PATHS = NO;
				CLANG_ANALYZER_NONNULL = YES;
				CLANG_ANALYZER_NUMBER_OBJECT_CONVERSION = YES_AGGRESSIVE;
				CLANG_CXX_LANGUAGE_STANDARD = "gnu++17";
				CLANG_ENABLE_MODULES = YES;
				CLANG_ENABLE_OBJC_ARC = YES;
				CLANG_ENABLE_OBJC_WEAK = YES;
				CLANG_WARN_BLOCK_CAPTURE_AUTORELEASING = YES;
				CLANG_WARN_BOOL_CONVERSION = YES;
				CLANG_WARN_COMMA = YES;
				CLANG_WARN_CONSTANT_CONVERSION = YES;
				CLANG_WARN_DEPRECATED_OBJC_IMPLEMENTATIONS = YES;
				CLANG_WARN_DIRECT_OBJC_ISA_USAGE = YES_ERROR;
				CLANG_WARN_DOCUMENTATION_COMMENTS = YES;
				CLANG_WARN_EMPTY_BODY = YES;
				CLANG_WARN_ENUM_CONVERSION = YES;
				CLANG_WARN_INFINITE_RECURSION = YES;
				CLANG_WARN_INT_CONVERSION = YES;
				CLANG_WARN_NON_LITERAL_NULL_CONVERSION = YES;
				CLANG_WARN_OBJC_IMPLICIT_RETAIN_SELF = YES;
				CLANG_WARN_OBJC_LITERAL_CONVERSION = YES;
				CLANG_WARN_OBJC_ROOT_CLASS = YES_ERROR;
				CLANG_WARN_QUOTED_INCLUDE_IN_FRAMEWORK_HEADER = YES;
				CLANG_WARN_RANGE_LOOP_ANALYSIS = YES;
				CLANG_WARN_STRICT_PROTOTYPES = YES;
				CLANG_WARN_SUSPICIOUS_MOVE = YES;
				CLANG_WARN_UNGUARDED_AVAILABILITY = YES_AGGRESSIVE;
				CLANG_WARN_UNREACHABLE_CODE = YES;
				CLANG_WARN__DUPLICATE_METHOD_MATCH = YES;
				COPY_PHASE_STRIP = NO;
				DEBUG_INFORMATION_FORMAT = "dwarf-with-dsym";
				ENABLE_NS_ASSERTIONS = NO;
				ENABLE_STRICT_OBJC_MSGSEND = YES;
				GCC_C_LANGUAGE_STANDARD = gnu11;
				GCC_NO_COMMON_BLOCKS = YES;
				GCC_WARN_64_TO_32_BIT_CONVERSION = YES;
				GCC_WARN_ABOUT_RETURN_TYPE = YES_ERROR;
				GCC_WARN_UNDECLARED_SELECTOR = YES;
				GCC_WARN_UNINITIALIZED_AUTOS = YES_AGGRESSIVE;
				GCC_WARN_UNUSED_FUNCTION = YES;
				GCC_WARN_UNUSED_VARIABLE = YES;
				IPHONEOS_DEPLOYMENT_TARGET = 15.5;
				MTL_ENABLE_DEBUG_INFO = NO;
				MTL_FAST_MATH = YES;
				SDKROOT = iphoneos;
				SWIFT_COMPILATION_MODE = wholemodule;
				SWIFT_OPTIMIZATION_LEVEL = "-O";
				VALIDATE_PRODUCT = YES;
			};
			name = Release;
		};
		51F9AE3C286348BB00B5A2CD /* Debug */ = {
			isa = XCBuildConfiguration;
			buildSettings = {
				ASSETCATALOG_COMPILER_APPICON_NAME = AppIcon;
				ASSETCATALOG_COMPILER_GLOBAL_ACCENT_COLOR_NAME = AccentColor;
				CODE_SIGN_STYLE = Automatic;
				CURRENT_PROJECT_VERSION = 1;
				DEVELOPMENT_ASSET_PATHS = "\"Star Printer Test/Resources/Preview Content\"";
				DEVELOPMENT_TEAM = X85WEP48S5;
				ENABLE_PREVIEWS = YES;
				GENERATE_INFOPLIST_FILE = YES;
				INFOPLIST_FILE = "$(PROJECT)/Resources/Star-Printer-Test-Info.plist";
				INFOPLIST_KEY_NSBluetoothAlwaysUsageDescription = "We print over bluetooth";
				INFOPLIST_KEY_NSLocalNetworkUsageDescription = "We print over local network";
				INFOPLIST_KEY_UIApplicationSceneManifest_Generation = YES;
				INFOPLIST_KEY_UIApplicationSupportsIndirectInputEvents = YES;
				INFOPLIST_KEY_UILaunchScreen_Generation = YES;
				INFOPLIST_KEY_UISupportedInterfaceOrientations_iPad = "UIInterfaceOrientationPortrait UIInterfaceOrientationPortraitUpsideDown UIInterfaceOrientationLandscapeLeft UIInterfaceOrientationLandscapeRight";
				INFOPLIST_KEY_UISupportedInterfaceOrientations_iPhone = "UIInterfaceOrientationPortrait UIInterfaceOrientationLandscapeLeft UIInterfaceOrientationLandscapeRight";
				LD_RUNPATH_SEARCH_PATHS = (
					"$(inherited)",
					"@executable_path/Frameworks",
				);
				MARKETING_VERSION = 1.0;
				OTHER_LDFLAGS = "-ObjC";
				PRODUCT_BUNDLE_IDENTIFIER = "com.dawson.star-test.Star-Printer-Test";
				PRODUCT_NAME = "Star Printer Test";
				SWIFT_EMIT_LOC_STRINGS = YES;
				SWIFT_OBJC_BRIDGING_HEADER = "$(SRCROOT)/$(PROJECT)/App/Star-Printer-Test-Bridging-Header.h";
				SWIFT_VERSION = 5.0;
				TARGETED_DEVICE_FAMILY = "1,2";
			};
			name = Debug;
		};
		51F9AE3D286348BB00B5A2CD /* Release */ = {
			isa = XCBuildConfiguration;
			buildSettings = {
				ASSETCATALOG_COMPILER_APPICON_NAME = AppIcon;
				ASSETCATALOG_COMPILER_GLOBAL_ACCENT_COLOR_NAME = AccentColor;
				CODE_SIGN_STYLE = Automatic;
				CURRENT_PROJECT_VERSION = 1;
				DEVELOPMENT_ASSET_PATHS = "\"Star Printer Test/Resources/Preview Content\"";
				DEVELOPMENT_TEAM = X85WEP48S5;
				ENABLE_PREVIEWS = YES;
				GENERATE_INFOPLIST_FILE = YES;
				INFOPLIST_FILE = "$(PROJECT)/Resources/Star-Printer-Test-Info.plist";
				INFOPLIST_KEY_NSBluetoothAlwaysUsageDescription = "We print over bluetooth";
				INFOPLIST_KEY_NSLocalNetworkUsageDescription = "We print over local network";
				INFOPLIST_KEY_UIApplicationSceneManifest_Generation = YES;
				INFOPLIST_KEY_UIApplicationSupportsIndirectInputEvents = YES;
				INFOPLIST_KEY_UILaunchScreen_Generation = YES;
				INFOPLIST_KEY_UISupportedInterfaceOrientations_iPad = "UIInterfaceOrientationPortrait UIInterfaceOrientationPortraitUpsideDown UIInterfaceOrientationLandscapeLeft UIInterfaceOrientationLandscapeRight";
				INFOPLIST_KEY_UISupportedInterfaceOrientations_iPhone = "UIInterfaceOrientationPortrait UIInterfaceOrientationLandscapeLeft UIInterfaceOrientationLandscapeRight";
				LD_RUNPATH_SEARCH_PATHS = (
					"$(inherited)",
					"@executable_path/Frameworks",
				);
				MARKETING_VERSION = 1.0;
				OTHER_LDFLAGS = "-ObjC";
				PRODUCT_BUNDLE_IDENTIFIER = "com.dawson.star-test.Star-Printer-Test";
				PRODUCT_NAME = "Star Printer Test";
				SWIFT_EMIT_LOC_STRINGS = YES;
				SWIFT_OBJC_BRIDGING_HEADER = "$(SRCROOT)/$(PROJECT)/App/Star-Printer-Test-Bridging-Header.h";
				SWIFT_VERSION = 5.0;
				TARGETED_DEVICE_FAMILY = "1,2";
			};
			name = Release;
		};
/* End XCBuildConfiguration section */

/* Begin XCConfigurationList section */
		51F9AE28286348B900B5A2CD /* Build configuration list for PBXProject "Star Printer Test" */ = {
			isa = XCConfigurationList;
			buildConfigurations = (
				51F9AE39286348BB00B5A2CD /* Debug */,
				51F9AE3A286348BB00B5A2CD /* Release */,
			);
			defaultConfigurationIsVisible = 0;
			defaultConfigurationName = Release;
		};
		51F9AE3B286348BB00B5A2CD /* Build configuration list for PBXNativeTarget "Star Printer Test" */ = {
			isa = XCConfigurationList;
			buildConfigurations = (
				51F9AE3C286348BB00B5A2CD /* Debug */,
				51F9AE3D286348BB00B5A2CD /* Release */,
			);
			defaultConfigurationIsVisible = 0;
			defaultConfigurationName = Release;
		};
/* End XCConfigurationList section */
	};
	rootObject = 51F9AE25286348B900B5A2CD /* Project object */;
}
